{
  "requires": true,
  "lockfileVersion": 1,
  "dependencies": {
    "serverless-plugin-warmup": {
      "version": "5.0.0",
      "resolved": "https://registry.npmjs.org/serverless-plugin-warmup/-/serverless-plugin-warmup-5.0.0.tgz",
      "integrity": "sha512-sjhmBKct+IENhyBDCWGuGUHVyvuS7FzU9EmDQPoGMIobLhc/uD7+xTWCdu6plGS0ENoBnJelgwxsaEmro6hHiw==",
      "dev": true
    }
  }
}
